
Microsoft Visual Studio Solution File, Format Version 12.00
# Visual Studio Version 17
VisualStudioVersion = 17.4.34302.79
MinimumVisualStudioVersion = 10.0.40219.1
Project("{9A19103F-16F7-4668-BE54-9A1E7A4F7556}") = "ArgumentHandler", "ConsoleApp1\ArgumentHandler.csproj", "{5DD7C0D9-BC18-4A16-8D65-1BFF78932FE4}"
EndProject
Global
	GlobalSection(SolutionConfigurationPlatforms) = preSolution
		Debug|Any CPU = Debug|Any CPU
		Release|Any CPU = Release|Any CPU
	EndGlobalSection
	GlobalSection(ProjectConfigurationPlatforms) = postSolution
		{5DD7C0D9-BC18-4A16-8D65-1BFF78932FE4}.Debug|Any CPU.ActiveCfg = Debug|Any CPU
		{5DD7C0D9-BC18-4A16-8D65-1BFF78932FE4}.Debug|Any CPU.Build.0 = Debug|Any CPU
		{5DD7C0D9-BC18-4A16-8D65-1BFF78932FE4}.Release|Any CPU.ActiveCfg = Release|Any CPU
		{5DD7C0D9-BC18-4A16-8D65-1BFF78932FE4}.Release|Any CPU.Build.0 = Release|Any CPU
	EndGlobalSection
	GlobalSection(SolutionProperties) = preSolution
		HideSolutionNode = FALSE
	EndGlobalSection
	GlobalSection(ExtensibilityGlobals) = postSolution
		SolutionGuid = {F4DA64FD-EA46-473A-9DAB-EDEB66644A1E}
	EndGlobalSection
EndGlobal
